
Microsoft Visual Studio Solution File, Format Version 12.00
# Visual Studio Version 16
VisualStudioVersion = 16.0.30114.105
MinimumVisualStudioVersion = 10.0.40219.1
Project("{FAE04EC0-301F-11D3-BF4B-00C04F79EFBC}") = "Note Taker", "Note Taker\Note Taker.csproj", "{C2F25678-659D-4860-A91E-02C2F979621B}"
EndProject
Global
	GlobalSection(SolutionConfigurationPlatforms) = preSolution
		Debug|Any CPU = Debug|Any CPU
		Release|Any CPU = Release|Any CPU
	EndGlobalSection
	GlobalSection(ProjectConfigurationPlatforms) = postSolution
		{C2F25678-659D-4860-A91E-02C2F979621B}.Debug|Any CPU.ActiveCfg = Debug|Any CPU
		{C2F25678-659D-4860-A91E-02C2F979621B}.Debug|Any CPU.Build.0 = Debug|Any CPU
		{C2F25678-659D-4860-A91E-02C2F979621B}.Release|Any CPU.ActiveCfg = Release|Any CPU
		{C2F25678-659D-4860-A91E-02C2F979621B}.Release|Any CPU.Build.0 = Release|Any CPU
	EndGlobalSection
	GlobalSection(SolutionProperties) = preSolution
		HideSolutionNode = FALSE
	EndGlobalSection
	GlobalSection(ExtensibilityGlobals) = postSolution
		SolutionGuid = {3F0278BA-1004-4F69-8149-D710EACB830F}
	EndGlobalSection
EndGlobal
